
Microsoft Visual Studio Solution File, Format Version 12.00
# Visual Studio Version 17
VisualStudioVersion = 17.9.34723.18
MinimumVisualStudioVersion = 10.0.40219.1
Project("{FAE04EC0-301F-11D3-BF4B-00C04F79EFBC}") = "ElectronicMagazine", "ElectronicMagazine.csproj", "{701C2CA3-200A-4A93-8306-0C9B7E9C8B20}"
EndProject
Project("{FAE04EC0-301F-11D3-BF4B-00C04F79EFBC}") = "API2", "..\API2\API2.csproj", "{2FE711B9-ADAA-42CA-9B84-05395909467A}"
EndProject
Global
	GlobalSection(SolutionConfigurationPlatforms) = preSolution
		Debug|Any CPU = Debug|Any CPU
		Release|Any CPU = Release|Any CPU
	EndGlobalSection
	GlobalSection(ProjectConfigurationPlatforms) = postSolution
		{701C2CA3-200A-4A93-8306-0C9B7E9C8B20}.Debug|Any CPU.ActiveCfg = Debug|Any CPU
		{701C2CA3-200A-4A93-8306-0C9B7E9C8B20}.Debug|Any CPU.Build.0 = Debug|Any CPU
		{701C2CA3-200A-4A93-8306-0C9B7E9C8B20}.Release|Any CPU.ActiveCfg = Release|Any CPU
		{701C2CA3-200A-4A93-8306-0C9B7E9C8B20}.Release|Any CPU.Build.0 = Release|Any CPU
		{2FE711B9-ADAA-42CA-9B84-05395909467A}.Debug|Any CPU.ActiveCfg = Debug|Any CPU
		{2FE711B9-ADAA-42CA-9B84-05395909467A}.Debug|Any CPU.Build.0 = Debug|Any CPU
		{2FE711B9-ADAA-42CA-9B84-05395909467A}.Release|Any CPU.ActiveCfg = Release|Any CPU
		{2FE711B9-ADAA-42CA-9B84-05395909467A}.Release|Any CPU.Build.0 = Release|Any CPU
	EndGlobalSection
	GlobalSection(SolutionProperties) = preSolution
		HideSolutionNode = FALSE
	EndGlobalSection
	GlobalSection(ExtensibilityGlobals) = postSolution
		SolutionGuid = {2708F51D-618F-440E-87E8-FF575FA5D020}
	EndGlobalSection
EndGlobal
